{
  "name": "java_script_data_types",
  "version": "1.0.0",
  "lockfileVersion": 1,
  "requires": true,
  "dependencies": {
    "angular": {
      "version": "1.5.8",
      "resolved": "https://registry.npmjs.org/angular/-/angular-1.5.8.tgz",
      "integrity": "sha1-klpTkrjCEtCVctxEbbfgEmTglMs="
    },
    "angular-animate": {
      "version": "1.5.8",
      "resolved": "https://registry.npmjs.org/angular-animate/-/angular-animate-1.5.8.tgz",
      "integrity": "sha1-U19zaSJaun+xW/cTTHGxW8Y1xYY="
    },
    "angular-messages": {
      "version": "1.5.8",
      "resolved": "https://registry.npmjs.org/angular-messages/-/angular-messages-1.5.8.tgz",
      "integrity": "sha1-H5HR5/P08uWrWt7+4smnGWsaNM8="
    },
    "angular-sanitize": {
      "version": "1.5.8",
      "resolved": "https://registry.npmjs.org/angular-sanitize/-/angular-sanitize-1.5.8.tgz",
      "integrity": "sha1-GDL2lIfuggohy+MAVaj7G98perg="
    },
    "angular-ui-mask": {
      "version": "1.8.7",
      "resolved": "https://registry.npmjs.org/angular-ui-mask/-/angular-ui-mask-1.8.7.tgz",
      "integrity": "sha1-KTWugjRa3tYOe4yZfzkC37jtRls="
    },
    "angular-youtube-api-factory": {
      "version": "0.6.2",
      "resolved": "https://registry.npmjs.org/angular-youtube-api-factory/-/angular-youtube-api-factory-0.6.2.tgz",
      "integrity": "sha1-uaQmOXo+Q2ib0TZ3BcgXkaVNDB8=",
      "requires": {
        "angular": "1.5.8"
      }
    },
    "bootstrap": {
      "version": "3.3.6",
      "resolved": "https://registry.npmjs.org/bootstrap/-/bootstrap-3.3.6.tgz",
      "integrity": "sha1-jej3SdyKdD8qxbUQ2Yg3Hj2qZYk="
    },
    "jquery": {
      "version": "2.2.0",
      "resolved": "https://registry.npmjs.org/jquery/-/jquery-2.2.0.tgz",
      "integrity": "sha1-0OhOu/GZ2lG/fsOTB/GbNXVOnLo="
    }
  }
}
